<?xml version="1.0" encoding="utf-8"?>
<Project ToolsVersion="4.0" xmlns="http://schemas.microsoft.com/developer/msbuild/2003">
  <ItemGroup>
    <Filter Include="來源檔案">
      <UniqueIdentifier>{4FC737F1-C7A5-4376-A066-2A32D752A2FF}</UniqueIdentifier>
      <Extensions>cpp;c;cc;cxx;def;odl;idl;hpj;bat;asm;asmx</Extensions>
    </Filter>
    <Filter Include="標頭檔">
      <UniqueIdentifier>{93995380-89BD-4b04-88EB-625FBE52EBFB}</UniqueIdentifier>
      <Extensions>h;hh;hpp;hxx;hm;inl;inc;ipp;xsd</Extensions>
    </Filter>
    <Filter Include="資源檔">
      <UniqueIdentifier>{67DA6AB6-F800-4c08-8B7A-83BB121AAD01}</UniqueIdentifier>
      <Extensions>rc;ico;cur;bmp;dlg;rc2;rct;bin;rgs;gif;jpg;jpeg;jpe;resx;tiff;tif;png;wav;mfcribbon-ms</Extensions>
    </Filter>
  </ItemGroup>
  <ItemGroup>
    <ClInclude Include="testVSFServer.h">
      <Filter>標頭檔</Filter>
    </ClInclude>
    <ClInclude Include="testVSFServerDlg.h">
      <Filter>標頭檔</Filter>
    </ClInclude>
    <ClInclude Include="stdafx.h">
      <Filter>標頭檔</Filter>
    </ClInclude>
    <ClInclude Include="targetver.h">
      <Filter>標頭檔</Filter>
    </ClInclude>
    <ClInclude Include="Resource.h">
      <Filter>標頭檔</Filter>
    </ClInclude>
    <ClInclude Include="libJpeg.h">
      <Filter>標頭檔</Filter>
    </ClInclude>
    <ClInclude Include="NWin.h">
      <Filter>標頭檔</Filter>
    </ClInclude>
    <ClInclude Include="PacketMaker.h">
      <Filter>標頭檔</Filter>
    </ClInclude>
    <ClInclude Include="PacketParser.h">
      <Filter>標頭檔</Filter>
    </ClInclude>
    <ClInclude Include="Server.h">
      <Filter>標頭檔</Filter>
    </ClInclude>
    <ClInclude Include="ServerManager.h">
      <Filter>標頭檔</Filter>
    </ClInclude>
    <ClInclude Include="Splitter.h">
      <Filter>標頭檔</Filter>
    </ClInclude>
    <ClInclude Include="ImageFile.h">
      <Filter>標頭檔</Filter>
    </ClInclude>
    <ClInclude Include="VideoEncoder.h">
      <Filter>標頭檔</Filter>
    </ClInclude>
    <ClInclude Include="glRender.h">
      <Filter>標頭檔</Filter>
    </ClInclude>
    <ClInclude Include="glTexture.h">
      <Filter>標頭檔</Filter>
    </ClInclude>
    <ClInclude Include="StreamingCtrl.h">
      <Filter>標頭檔</Filter>
    </ClInclude>
    <ClInclude Include="VideoDecoder.h">
      <Filter>標頭檔</Filter>
    </ClInclude>
    <ClInclude Include="AverageIf.h">
      <Filter>標頭檔</Filter>
    </ClInclude>
  </ItemGroup>
  <ItemGroup>
    <ClCompile Include="testVSFServer.cpp">
      <Filter>來源檔案</Filter>
    </ClCompile>
    <ClCompile Include="testVSFServerDlg.cpp">
      <Filter>來源檔案</Filter>
    </ClCompile>
    <ClCompile Include="stdafx.cpp">
      <Filter>來源檔案</Filter>
    </ClCompile>
    <ClCompile Include="libJpeg.cpp">
      <Filter>來源檔案</Filter>
    </ClCompile>
    <ClCompile Include="NWin.cpp">
      <Filter>來源檔案</Filter>
    </ClCompile>
    <ClCompile Include="PacketMaker.cpp">
      <Filter>來源檔案</Filter>
    </ClCompile>
    <ClCompile Include="PacketParser.cpp">
      <Filter>來源檔案</Filter>
    </ClCompile>
    <ClCompile Include="Server.cpp">
      <Filter>來源檔案</Filter>
    </ClCompile>
    <ClCompile Include="ServerManager.cpp">
      <Filter>來源檔案</Filter>
    </ClCompile>
    <ClCompile Include="Splitter.cpp">
      <Filter>來源檔案</Filter>
    </ClCompile>
    <ClCompile Include="ImageFile.cpp">
      <Filter>來源檔案</Filter>
    </ClCompile>
    <ClCompile Include="..\..\..\Source\QBufferManagerEx.cpp">
      <Filter>來源檔案</Filter>
    </ClCompile>
    <ClCompile Include="..\..\..\Source\SList.cpp">
      <Filter>來源檔案</Filter>
    </ClCompile>
    <ClCompile Include="..\..\..\Source\SQList.cpp">
      <Filter>來源檔案</Filter>
    </ClCompile>
    <ClCompile Include="..\..\..\Source\SQQueue.cpp">
      <Filter>來源檔案</Filter>
    </ClCompile>
    <ClCompile Include="VideoEncoder.cpp">
      <Filter>來源檔案</Filter>
    </ClCompile>
    <ClCompile Include="glRender.cpp">
      <Filter>來源檔案</Filter>
    </ClCompile>
    <ClCompile Include="glTexture.cpp">
      <Filter>來源檔案</Filter>
    </ClCompile>
    <ClCompile Include="StreamingCtrl.cpp">
      <Filter>來源檔案</Filter>
    </ClCompile>
    <ClCompile Include="VideoDecoder.cpp">
      <Filter>來源檔案</Filter>
    </ClCompile>
    <ClCompile Include="..\..\..\Source\MathCommon.cpp">
      <Filter>來源檔案</Filter>
    </ClCompile>
    <ClCompile Include="AverageIf.cpp">
      <Filter>來源檔案</Filter>
    </ClCompile>
  </ItemGroup>
  <ItemGroup>
    <ResourceCompile Include="testVSFServer.rc">
      <Filter>資源檔</Filter>
    </ResourceCompile>
  </ItemGroup>
  <ItemGroup>
    <None Include="res\testVSFServer.rc2">
      <Filter>資源檔</Filter>
    </None>
  </ItemGroup>
  <ItemGroup>
    <Image Include="res\testVSFServer.ico">
      <Filter>資源檔</Filter>
    </Image>
  </ItemGroup>
</Project>